{
  "name": "test",
  "lockfileVersion": 2,
  "requires": true,
  "packages": {
    "": {
      "dependencies": {
        "virtual-bg": "^0.1.21"
      }
    },
    "node_modules/virtual-bg": {
      "version": "0.1.21",
      "resolved": "https://registry.npmjs.org/virtual-bg/-/virtual-bg-0.1.21.tgz",
      "integrity": "sha512-wBgi9etOID0Sqtf9Kaizv0f0pB+S9oN/viGGm4fLUh9BfuZKKyeETmBkm7RJisZvAF3LmKJTzBKFCN4PMkrZpg=="
    }
  },
  "dependencies": {
    "virtual-bg": {
      "version": "0.1.21",
      "resolved": "https://registry.npmjs.org/virtual-bg/-/virtual-bg-0.1.21.tgz",
      "integrity": "sha512-wBgi9etOID0Sqtf9Kaizv0f0pB+S9oN/viGGm4fLUh9BfuZKKyeETmBkm7RJisZvAF3LmKJTzBKFCN4PMkrZpg=="
    }
  }
}
